
Microsoft Visual Studio Solution File, Format Version 12.00
# Visual Studio 14
VisualStudioVersion = 14.0.24720.0
MinimumVisualStudioVersion = 10.0.40219.1
Project("{A07B5EB6-E848-4116-A8D0-A826331D98C6}") = "Web1Project", "Web1Project\Web1Project.sfproj", "{0A6C7C0C-E5D5-4143-894F-A7A49F73DB59}"
EndProject
Project("{8BB2217D-0F2D-49D1-97BC-3654ED321F3B}") = "Web1", "Web1\Web1.xproj", "{824F5EB8-69B3-437E-988B-BAA43213C50B}"
EndProject
Project("{A07B5EB6-E848-4116-A8D0-A826331D98C6}") = "UserActorProject", "UserActorProject\UserActorProject.sfproj", "{54EDA25D-8480-49B9-90E9-DC887637770E}"
EndProject
Project("{FAE04EC0-301F-11D3-BF4B-00C04F79EFBC}") = "UserActor", "UserActor\UserActor.csproj", "{C4915ADB-025F-4104-84CA-32AF0FD11957}"
EndProject
Project("{FAE04EC0-301F-11D3-BF4B-00C04F79EFBC}") = "UserActor.Interfaces", "UserActor.Interfaces\UserActor.Interfaces.csproj", "{B46C2033-D27D-4FBC-8CDD-24A8AA39F5E6}"
EndProject
Project("{FAE04EC0-301F-11D3-BF4B-00C04F79EFBC}") = "Common", "Common\Common.csproj", "{9DDF5433-101E-49B0-9222-CB16370F3C45}"
EndProject
Global
	GlobalSection(SolutionConfigurationPlatforms) = preSolution
		Debug|Any CPU = Debug|Any CPU
		Debug|x64 = Debug|x64
		Release|Any CPU = Release|Any CPU
		Release|x64 = Release|x64
	EndGlobalSection
	GlobalSection(ProjectConfigurationPlatforms) = postSolution
		{0A6C7C0C-E5D5-4143-894F-A7A49F73DB59}.Debug|Any CPU.ActiveCfg = Debug|x64
		{0A6C7C0C-E5D5-4143-894F-A7A49F73DB59}.Debug|Any CPU.Build.0 = Debug|x64
		{0A6C7C0C-E5D5-4143-894F-A7A49F73DB59}.Debug|Any CPU.Deploy.0 = Debug|x64
		{0A6C7C0C-E5D5-4143-894F-A7A49F73DB59}.Debug|x64.ActiveCfg = Debug|x64
		{0A6C7C0C-E5D5-4143-894F-A7A49F73DB59}.Debug|x64.Build.0 = Debug|x64
		{0A6C7C0C-E5D5-4143-894F-A7A49F73DB59}.Debug|x64.Deploy.0 = Debug|x64
		{0A6C7C0C-E5D5-4143-894F-A7A49F73DB59}.Release|Any CPU.ActiveCfg = Release|x64
		{0A6C7C0C-E5D5-4143-894F-A7A49F73DB59}.Release|x64.ActiveCfg = Release|x64
		{0A6C7C0C-E5D5-4143-894F-A7A49F73DB59}.Release|x64.Build.0 = Release|x64
		{0A6C7C0C-E5D5-4143-894F-A7A49F73DB59}.Release|x64.Deploy.0 = Release|x64
		{824F5EB8-69B3-437E-988B-BAA43213C50B}.Debug|Any CPU.ActiveCfg = Debug|Any CPU
		{824F5EB8-69B3-437E-988B-BAA43213C50B}.Debug|Any CPU.Build.0 = Debug|Any CPU
		{824F5EB8-69B3-437E-988B-BAA43213C50B}.Debug|x64.ActiveCfg = Debug|Any CPU
		{824F5EB8-69B3-437E-988B-BAA43213C50B}.Debug|x64.Build.0 = Debug|Any CPU
		{824F5EB8-69B3-437E-988B-BAA43213C50B}.Release|Any CPU.ActiveCfg = Release|Any CPU
		{824F5EB8-69B3-437E-988B-BAA43213C50B}.Release|Any CPU.Build.0 = Release|Any CPU
		{824F5EB8-69B3-437E-988B-BAA43213C50B}.Release|x64.ActiveCfg = Release|Any CPU
		{824F5EB8-69B3-437E-988B-BAA43213C50B}.Release|x64.Build.0 = Release|Any CPU
		{54EDA25D-8480-49B9-90E9-DC887637770E}.Debug|Any CPU.ActiveCfg = Debug|x64
		{54EDA25D-8480-49B9-90E9-DC887637770E}.Debug|Any CPU.Build.0 = Debug|x64
		{54EDA25D-8480-49B9-90E9-DC887637770E}.Debug|Any CPU.Deploy.0 = Debug|x64
		{54EDA25D-8480-49B9-90E9-DC887637770E}.Debug|x64.ActiveCfg = Debug|x64
		{54EDA25D-8480-49B9-90E9-DC887637770E}.Debug|x64.Build.0 = Debug|x64
		{54EDA25D-8480-49B9-90E9-DC887637770E}.Debug|x64.Deploy.0 = Debug|x64
		{54EDA25D-8480-49B9-90E9-DC887637770E}.Release|Any CPU.ActiveCfg = Release|x64
		{54EDA25D-8480-49B9-90E9-DC887637770E}.Release|x64.ActiveCfg = Release|x64
		{54EDA25D-8480-49B9-90E9-DC887637770E}.Release|x64.Build.0 = Release|x64
		{54EDA25D-8480-49B9-90E9-DC887637770E}.Release|x64.Deploy.0 = Release|x64
		{C4915ADB-025F-4104-84CA-32AF0FD11957}.Debug|Any CPU.ActiveCfg = Debug|x64
		{C4915ADB-025F-4104-84CA-32AF0FD11957}.Debug|Any CPU.Build.0 = Debug|x64
		{C4915ADB-025F-4104-84CA-32AF0FD11957}.Debug|x64.ActiveCfg = Debug|x64
		{C4915ADB-025F-4104-84CA-32AF0FD11957}.Debug|x64.Build.0 = Debug|x64
		{C4915ADB-025F-4104-84CA-32AF0FD11957}.Release|Any CPU.ActiveCfg = Release|x64
		{C4915ADB-025F-4104-84CA-32AF0FD11957}.Release|x64.ActiveCfg = Release|x64
		{C4915ADB-025F-4104-84CA-32AF0FD11957}.Release|x64.Build.0 = Release|x64
		{B46C2033-D27D-4FBC-8CDD-24A8AA39F5E6}.Debug|Any CPU.ActiveCfg = Debug|x64
		{B46C2033-D27D-4FBC-8CDD-24A8AA39F5E6}.Debug|Any CPU.Build.0 = Debug|x64
		{B46C2033-D27D-4FBC-8CDD-24A8AA39F5E6}.Debug|x64.ActiveCfg = Debug|x64
		{B46C2033-D27D-4FBC-8CDD-24A8AA39F5E6}.Debug|x64.Build.0 = Debug|x64
		{B46C2033-D27D-4FBC-8CDD-24A8AA39F5E6}.Release|Any CPU.ActiveCfg = Release|x64
		{B46C2033-D27D-4FBC-8CDD-24A8AA39F5E6}.Release|x64.ActiveCfg = Release|x64
		{B46C2033-D27D-4FBC-8CDD-24A8AA39F5E6}.Release|x64.Build.0 = Release|x64
		{9DDF5433-101E-49B0-9222-CB16370F3C45}.Debug|Any CPU.ActiveCfg = Debug|Any CPU
		{9DDF5433-101E-49B0-9222-CB16370F3C45}.Debug|Any CPU.Build.0 = Debug|Any CPU
		{9DDF5433-101E-49B0-9222-CB16370F3C45}.Debug|x64.ActiveCfg = Debug|Any CPU
		{9DDF5433-101E-49B0-9222-CB16370F3C45}.Debug|x64.Build.0 = Debug|Any CPU
		{9DDF5433-101E-49B0-9222-CB16370F3C45}.Release|Any CPU.ActiveCfg = Release|Any CPU
		{9DDF5433-101E-49B0-9222-CB16370F3C45}.Release|Any CPU.Build.0 = Release|Any CPU
		{9DDF5433-101E-49B0-9222-CB16370F3C45}.Release|x64.ActiveCfg = Release|Any CPU
		{9DDF5433-101E-49B0-9222-CB16370F3C45}.Release|x64.Build.0 = Release|Any CPU
	EndGlobalSection
	GlobalSection(SolutionProperties) = preSolution
		HideSolutionNode = FALSE
	EndGlobalSection
EndGlobal
